
Microsoft Visual Studio Solution File, Format Version 12.00
Project("{FAE04EC0-301F-11D3-BF4B-00C04F79EFBC}") = "wawa", "wawa\wawa.csproj", "{7DD1FBFD-9D37-4AA4-936C-4CA73A7765C9}"
EndProject
Global
	GlobalSection(SolutionConfigurationPlatforms) = preSolution
		Debug|Any CPU = Debug|Any CPU
		Release|Any CPU = Release|Any CPU
	EndGlobalSection
	GlobalSection(ProjectConfigurationPlatforms) = postSolution
		{7DD1FBFD-9D37-4AA4-936C-4CA73A7765C9}.Debug|Any CPU.ActiveCfg = Debug|Any CPU
		{7DD1FBFD-9D37-4AA4-936C-4CA73A7765C9}.Debug|Any CPU.Build.0 = Debug|Any CPU
		{7DD1FBFD-9D37-4AA4-936C-4CA73A7765C9}.Release|Any CPU.ActiveCfg = Release|Any CPU
		{7DD1FBFD-9D37-4AA4-936C-4CA73A7765C9}.Release|Any CPU.Build.0 = Release|Any CPU
	EndGlobalSection
EndGlobal
