
Microsoft Visual Studio Solution File, Format Version 12.00
# Visual Studio 15
VisualStudioVersion = 15.0.27130.2024
MinimumVisualStudioVersion = 10.0.40219.1
Project("{FAE04EC0-301F-11D3-BF4B-00C04F79EFBC}") = "WindowsFormsApp1", "WindowsFormsApp1\WindowsFormsApp1.csproj", "{1694484B-0394-41C7-8C67-E9B66BD08EDB}"
EndProject
Global
	GlobalSection(SolutionConfigurationPlatforms) = preSolution
		Debug|Any CPU = Debug|Any CPU
		Release|Any CPU = Release|Any CPU
	EndGlobalSection
	GlobalSection(ProjectConfigurationPlatforms) = postSolution
		{1694484B-0394-41C7-8C67-E9B66BD08EDB}.Debug|Any CPU.ActiveCfg = Debug|Any CPU
		{1694484B-0394-41C7-8C67-E9B66BD08EDB}.Debug|Any CPU.Build.0 = Debug|Any CPU
		{1694484B-0394-41C7-8C67-E9B66BD08EDB}.Release|Any CPU.ActiveCfg = Release|Any CPU
		{1694484B-0394-41C7-8C67-E9B66BD08EDB}.Release|Any CPU.Build.0 = Release|Any CPU
	EndGlobalSection
	GlobalSection(SolutionProperties) = preSolution
		HideSolutionNode = FALSE
	EndGlobalSection
	GlobalSection(ExtensibilityGlobals) = postSolution
		SolutionGuid = {0937DF7B-A97E-4AE7-BC5B-9A823691E340}
	EndGlobalSection
EndGlobal
